// !$*UTF8*$!
{
	archiveVersion = 1;
	classes = {
	};
	objectVersion = 56;
	objects = {

/* Begin PBXBuildFile section */
		8A1234560001 /* WADriversTestApp.swift in Sources */ = {isa = PBXBuildFile; fileRef = 8A1234550001 /* WADriversTestApp.swift */; };
		8A1234560002 /* ContentView.swift in Sources */ = {isa = PBXBuildFile; fileRef = 8A1234550002 /* ContentView.swift */; };
		8A1234560003 /* Assets.xcassets in Resources */ = {isa = PBXBuildFile; fileRef = 8A1234550003 /* Assets.xcassets */; };
		8A1234560004 /* Question.swift in Sources */ = {isa = PBXBuildFile; fileRef = 8A1234550004 /* Question.swift */; };
		8A1234560005 /* QuestionDatabase.swift in Sources */ = {isa = PBXBuildFile; fileRef = 8A1234550005 /* QuestionDatabase.swift */; };
		8A1234560006 /* TestManager.swift in Sources */ = {isa = PBXBuildFile; fileRef = 8A1234550006 /* TestManager.swift */; };
		8A1234560007 /* HomeView.swift in Sources */ = {isa = PBXBuildFile; fileRef = 8A1234550007 /* HomeView.swift */; };
		8A1234560008 /* TestView.swift in Sources */ = {isa = PBXBuildFile; fileRef = 8A1234550008 /* TestView.swift */; };
		8A1234560009 /* ResultsView.swift in Sources */ = {isa = PBXBuildFile; fileRef = 8A1234550009 /* ResultsView.swift */; };
		8A1234560010 /* questions.json in Resources */ = {isa = PBXBuildFile; fileRef = 8A1234550010 /* questions.json */; };
		8A1234560011 /* DisclaimerView.swift in Sources */ = {isa = PBXBuildFile; fileRef = 8A1234550011 /* DisclaimerView.swift */; };
		8A1234560012 /* LaunchScreen.storyboard in Resources */ = {isa = PBXBuildFile; fileRef = 8A1234550012 /* LaunchScreen.storyboard */; };
		8A1234560013 /* SplashView.swift in Sources */ = {isa = PBXBuildFile; fileRef = 8A1234550013 /* SplashView.swift */; };
		8A1234560014 /* AdManager.swift in Sources */ = {isa = PBXBuildFile; fileRef = 8A1234550014 /* AdManager.swift */; };
		8A1234560015 /* GoogleMobileAds in Frameworks */ = {isa = PBXBuildFile; productRef = 8A1234550015 /* GoogleMobileAds */; };
		8A1234560016 /* GoogleService-Info.plist in Resources */ = {isa = PBXBuildFile; fileRef = 8A1234550016 /* GoogleService-Info.plist */; };
		8A1234560017 /* AnalyticsManager.swift in Sources */ = {isa = PBXBuildFile; fileRef = 8A1234550017 /* AnalyticsManager.swift */; };
		8A1234560018 /* FirebaseAnalytics in Frameworks */ = {isa = PBXBuildFile; productRef = 8A1234550018 /* FirebaseAnalytics */; };
/* End PBXBuildFile section */

/* Begin PBXFileReference section */
		8A1234540001 /* WADriversTest.app */ = {isa = PBXFileReference; explicitFileType = wrapper.application; includeInIndex = 0; path = WADriversTest.app; sourceTree = BUILT_PRODUCTS_DIR; };
		8A1234550001 /* WADriversTestApp.swift */ = {isa = PBXFileReference; lastKnownFileType = sourcecode.swift; path = WADriversTestApp.swift; sourceTree = "<group>"; };
		8A1234550002 /* ContentView.swift */ = {isa = PBXFileReference; lastKnownFileType = sourcecode.swift; path = ContentView.swift; sourceTree = "<group>"; };
		8A1234550003 /* Assets.xcassets */ = {isa = PBXFileReference; lastKnownFileType = folder.assetcatalog; path = Assets.xcassets; sourceTree = "<group>"; };
		8A1234550004 /* Question.swift */ = {isa = PBXFileReference; lastKnownFileType = sourcecode.swift; path = Question.swift; sourceTree = "<group>"; };
		8A1234550005 /* QuestionDatabase.swift */ = {isa = PBXFileReference; lastKnownFileType = sourcecode.swift; path = QuestionDatabase.swift; sourceTree = "<group>"; };
		8A1234550006 /* TestManager.swift */ = {isa = PBXFileReference; lastKnownFileType = sourcecode.swift; path = TestManager.swift; sourceTree = "<group>"; };
		8A1234550007 /* HomeView.swift */ = {isa = PBXFileReference; lastKnownFileType = sourcecode.swift; path = HomeView.swift; sourceTree = "<group>"; };
		8A1234550008 /* TestView.swift */ = {isa = PBXFileReference; lastKnownFileType = sourcecode.swift; path = TestView.swift; sourceTree = "<group>"; };
		8A1234550009 /* ResultsView.swift */ = {isa = PBXFileReference; lastKnownFileType = sourcecode.swift; path = ResultsView.swift; sourceTree = "<group>"; };
		8A1234550010 /* questions.json */ = {isa = PBXFileReference; lastKnownFileType = text.json; path = questions.json; sourceTree = "<group>"; };
		8A1234550011 /* DisclaimerView.swift */ = {isa = PBXFileReference; lastKnownFileType = sourcecode.swift; path = DisclaimerView.swift; sourceTree = "<group>"; };
		8A1234550012 /* LaunchScreen.storyboard */ = {isa = PBXFileReference; lastKnownFileType = file.storyboard; path = LaunchScreen.storyboard; sourceTree = "<group>"; };
		8A1234550013 /* SplashView.swift */ = {isa = PBXFileReference; lastKnownFileType = sourcecode.swift; path = SplashView.swift; sourceTree = "<group>"; };
		8A1234550014 /* AdManager.swift */ = {isa = PBXFileReference; lastKnownFileType = sourcecode.swift; path = AdManager.swift; sourceTree = "<group>"; };
		8A1234550016 /* GoogleService-Info.plist */ = {isa = PBXFileReference; lastKnownFileType = text.plist.xml; path = "GoogleService-Info.plist"; sourceTree = "<group>"; };
		8A1234550017 /* AnalyticsManager.swift */ = {isa = PBXFileReference; lastKnownFileType = sourcecode.swift; path = AnalyticsManager.swift; sourceTree = "<group>"; };
/* End PBXFileReference section */

/* Begin PBXFrameworksBuildPhase section */
		8A1234530001 /* Frameworks */ = {
			isa = PBXFrameworksBuildPhase;
			buildActionMask = 2147483647;
			files = (
				8A1234560015 /* GoogleMobileAds in Frameworks */,
				8A1234560018 /* FirebaseAnalytics in Frameworks */,
			);
			runOnlyForDeploymentPostprocessing = 0;
		};
/* End PBXFrameworksBuildPhase section */

/* Begin PBXGroup section */
		8A1234510001 = {
			isa = PBXGroup;
			children = (
				8A1234520001 /* WADriversTest */,
				8A1234520002 /* Products */,
			);
			sourceTree = "<group>";
		};
		8A1234520001 /* WADriversTest */ = {
			isa = PBXGroup;
			children = (
				8A1234550001 /* WADriversTestApp.swift */,
				8A1234550002 /* ContentView.swift */,
				8A1234520003 /* Models */,
				8A1234520004 /* ViewModels */,
				8A1234520005 /* Views */,
				8A1234520006 /* Resources */,
				8A1234520007 /* Services */,
				8A1234550003 /* Assets.xcassets */,
				8A1234550012 /* LaunchScreen.storyboard */,
				8A1234550016 /* GoogleService-Info.plist */,
			);
			path = WADriversTest;
			sourceTree = "<group>";
		};
		8A1234520002 /* Products */ = {
			isa = PBXGroup;
			children = (
				8A1234540001 /* WADriversTest.app */,
			);
			name = Products;
			sourceTree = "<group>";
		};
		8A1234520003 /* Models */ = {
			isa = PBXGroup;
			children = (
				8A1234550004 /* Question.swift */,
				8A1234550005 /* QuestionDatabase.swift */,
			);
			path = Models;
			sourceTree = "<group>";
		};
		8A1234520004 /* ViewModels */ = {
			isa = PBXGroup;
			children = (
				8A1234550006 /* TestManager.swift */,
			);
			path = ViewModels;
			sourceTree = "<group>";
		};
		8A1234520005 /* Views */ = {
			isa = PBXGroup;
			children = (
				8A1234550007 /* HomeView.swift */,
				8A1234550008 /* TestView.swift */,
				8A1234550009 /* ResultsView.swift */,
				8A1234550011 /* DisclaimerView.swift */,
				8A1234550013 /* SplashView.swift */,
			);
			path = Views;
			sourceTree = "<group>";
		};
		8A1234520006 /* Resources */ = {
			isa = PBXGroup;
			children = (
				8A1234550010 /* questions.json */,
			);
			path = Resources;
			sourceTree = "<group>";
		};
		8A1234520007 /* Services */ = {
			isa = PBXGroup;
			children = (
				8A1234550014 /* AdManager.swift */,
				8A1234550017 /* AnalyticsManager.swift */,
			);
			path = Services;
			sourceTree = "<group>";
		};
/* End PBXGroup section */

/* Begin PBXNativeTarget section */
		8A1234530002 /* WADriversTest */ = {
			isa = PBXNativeTarget;
			buildConfigurationList = 8A1234570001 /* Build configuration list for PBXNativeTarget "WADriversTest" */;
			buildPhases = (
				8A1234530003 /* Sources */,
				8A1234530001 /* Frameworks */,
				8A1234530004 /* Resources */,
			);
			buildRules = (
			);
			dependencies = (
			);
			name = WADriversTest;
			packageProductDependencies = (
				8A1234550015 /* GoogleMobileAds */,
				8A1234550018 /* FirebaseAnalytics */,
			);
			productName = WADriversTest;
			productReference = 8A1234540001 /* WADriversTest.app */;
			productType = "com.apple.product-type.application";
		};
/* End PBXNativeTarget section */

/* Begin PBXProject section */
		8A1234510002 /* Project object */ = {
			isa = PBXProject;
			attributes = {
				BuildIndependentTargetsInParallel = 1;
				LastSwiftUpdateCheck = 1500;
				LastUpgradeCheck = 1500;
				TargetAttributes = {
					8A1234530002 = {
						CreatedOnToolsVersion = 15.0;
					};
				};
			};
			buildConfigurationList = 8A1234570002 /* Build configuration list for PBXProject "WADriversTest" */;
			compatibilityVersion = "Xcode 14.0";
			developmentRegion = en;
			hasScannedForEncodings = 0;
			knownRegions = (
				en,
				Base,
			);
			mainGroup = 8A1234510001;
			packageReferences = (
				8A1234590001 /* XCRemoteSwiftPackageReference "swift-package-manager-google-mobile-ads" */,
				8A1234590002 /* XCRemoteSwiftPackageReference "firebase-ios-sdk" */,
			);
			productRefGroup = 8A1234520002 /* Products */;
			projectDirPath = "";
			projectRoot = "";
			targets = (
				8A1234530002 /* WADriversTest */,
			);
		};
/* End PBXProject section */

/* Begin PBXResourcesBuildPhase section */
		8A1234530004 /* Resources */ = {
			isa = PBXResourcesBuildPhase;
			buildActionMask = 2147483647;
			files = (
				8A1234560003 /* Assets.xcassets in Resources */,
				8A1234560010 /* questions.json in Resources */,
				8A1234560012 /* LaunchScreen.storyboard in Resources */,
				8A1234560016 /* GoogleService-Info.plist in Resources */,
			);
			runOnlyForDeploymentPostprocessing = 0;
		};
/* End PBXResourcesBuildPhase section */

/* Begin PBXSourcesBuildPhase section */
		8A1234530003 /* Sources */ = {
			isa = PBXSourcesBuildPhase;
			buildActionMask = 2147483647;
			files = (
				8A1234560001 /* WADriversTestApp.swift in Sources */,
				8A1234560002 /* ContentView.swift in Sources */,
				8A1234560004 /* Question.swift in Sources */,
				8A1234560005 /* QuestionDatabase.swift in Sources */,
				8A1234560006 /* TestManager.swift in Sources */,
				8A1234560007 /* HomeView.swift in Sources */,
				8A1234560008 /* TestView.swift in Sources */,
				8A1234560009 /* ResultsView.swift in Sources */,
				8A1234560011 /* DisclaimerView.swift in Sources */,
				8A1234560013 /* SplashView.swift in Sources */,
				8A1234560014 /* AdManager.swift in Sources */,
				8A1234560017 /* AnalyticsManager.swift in Sources */,
			);
			runOnlyForDeploymentPostprocessing = 0;
		};
/* End PBXSourcesBuildPhase section */

/* Begin XCBuildConfiguration section */
		8A1234580001 /* Debug */ = {
			isa = XCBuildConfiguration;
			buildSettings = {
				ALWAYS_SEARCH_USER_PATHS = NO;
				ASSETCATALOG_COMPILER_GENERATE_SWIFT_ASSET_SYMBOL_EXTENSIONS = YES;
				CLANG_ANALYZER_NONNULL = YES;
				CLANG_ANALYZER_NUMBER_OBJECT_CONVERSION = YES_AGGRESSIVE;
				CLANG_CXX_LANGUAGE_STANDARD = "gnu++20";
				CLANG_ENABLE_MODULES = YES;
				CLANG_ENABLE_OBJC_ARC = YES;
				CLANG_ENABLE_OBJC_WEAK = YES;
				CLANG_WARN_BLOCK_CAPTURE_AUTORELEASING = YES;
				CLANG_WARN_BOOL_CONVERSION = YES;
				CLANG_WARN_COMMA = YES;
				CLANG_WARN_CONSTANT_CONVERSION = YES;
				CLANG_WARN_DEPRECATED_OBJC_IMPLEMENTATIONS = YES;
				CLANG_WARN_DIRECT_OBJC_ISA_USAGE = YES_ERROR;
				CLANG_WARN_DOCUMENTATION_COMMENTS = YES;
				CLANG_WARN_EMPTY_BODY = YES;
				CLANG_WARN_ENUM_CONVERSION = YES;
				CLANG_WARN_INFINITE_RECURSION = YES;
				CLANG_WARN_INT_CONVERSION = YES;
				CLANG_WARN_NON_LITERAL_NULL_CONVERSION = YES;
				CLANG_WARN_OBJC_IMPLICIT_RETAIN_SELF = YES;
				CLANG_WARN_OBJC_LITERAL_CONVERSION = YES;
				CLANG_WARN_OBJC_ROOT_CLASS = YES_ERROR;
				CLANG_WARN_QUOTED_INCLUDE_IN_FRAMEWORK_HEADER = YES;
				CLANG_WARN_RANGE_LOOP_ANALYSIS = YES;
				CLANG_WARN_STRICT_PROTOTYPES = YES;
				CLANG_WARN_SUSPICIOUS_MOVE = YES;
				CLANG_WARN_UNGUARDED_AVAILABILITY = YES_AGGRESSIVE;
				CLANG_WARN_UNREACHABLE_CODE = YES;
				CLANG_WARN__DUPLICATE_METHOD_MATCH = YES;
				COPY_PHASE_STRIP = NO;
				DEBUG_INFORMATION_FORMAT = dwarf;
				ENABLE_STRICT_OBJC_MSGSEND = YES;
				ENABLE_TESTABILITY = YES;
				ENABLE_USER_SCRIPT_SANDBOXING = YES;
				GCC_C_LANGUAGE_STANDARD = gnu17;
				GCC_DYNAMIC_NO_PIC = NO;
				GCC_NO_COMMON_BLOCKS = YES;
				GCC_OPTIMIZATION_LEVEL = 0;
				GCC_PREPROCESSOR_DEFINITIONS = (
					"DEBUG=1",
					"$(inherited)",
				);
				GCC_WARN_64_TO_32_BIT_CONVERSION = YES;
				GCC_WARN_ABOUT_RETURN_TYPE = YES_ERROR;
				GCC_WARN_UNDECLARED_SELECTOR = YES;
				GCC_WARN_UNINITIALIZED_AUTOS = YES_AGGRESSIVE;
				GCC_WARN_UNUSED_FUNCTION = YES;
				GCC_WARN_UNUSED_VARIABLE = YES;
				IPHONEOS_DEPLOYMENT_TARGET = 16.0;
				LOCALIZATION_PREFERS_STRING_CATALOGS = YES;
				MTL_ENABLE_DEBUG_INFO = INCLUDE_SOURCE;
				MTL_FAST_MATH = YES;
				ONLY_ACTIVE_ARCH = YES;
				SDKROOT = iphoneos;
				SWIFT_ACTIVE_COMPILATION_CONDITIONS = "DEBUG $(inherited)";
				SWIFT_OPTIMIZATION_LEVEL = "-Onone";
			};
			name = Debug;
		};
		8A1234580002 /* Release */ = {
			isa = XCBuildConfiguration;
			buildSettings = {
				ALWAYS_SEARCH_USER_PATHS = NO;
				ASSETCATALOG_COMPILER_GENERATE_SWIFT_ASSET_SYMBOL_EXTENSIONS = YES;
				CLANG_ANALYZER_NONNULL = YES;
				CLANG_ANALYZER_NUMBER_OBJECT_CONVERSION = YES_AGGRESSIVE;
				CLANG_CXX_LANGUAGE_STANDARD = "gnu++20";
				CLANG_ENABLE_MODULES = YES;
				CLANG_ENABLE_OBJC_ARC = YES;
				CLANG_ENABLE_OBJC_WEAK = YES;
				CLANG_WARN_BLOCK_CAPTURE_AUTORELEASING = YES;
				CLANG_WARN_BOOL_CONVERSION = YES;
				CLANG_WARN_COMMA = YES;
				CLANG_WARN_CONSTANT_CONVERSION = YES;
				CLANG_WARN_DEPRECATED_OBJC_IMPLEMENTATIONS = YES;
				CLANG_WARN_DIRECT_OBJC_ISA_USAGE = YES_ERROR;
				CLANG_WARN_DOCUMENTATION_COMMENTS = YES;
				CLANG_WARN_EMPTY_BODY = YES;
				CLANG_WARN_ENUM_CONVERSION = YES;
				CLANG_WARN_INFINITE_RECURSION = YES;
				CLANG_WARN_INT_CONVERSION = YES;
				CLANG_WARN_NON_LITERAL_NULL_CONVERSION = YES;
				CLANG_WARN_OBJC_IMPLICIT_RETAIN_SELF = YES;
				CLANG_WARN_OBJC_LITERAL_CONVERSION = YES;
				CLANG_WARN_OBJC_ROOT_CLASS = YES_ERROR;
				CLANG_WARN_QUOTED_INCLUDE_IN_FRAMEWORK_HEADER = YES;
				CLANG_WARN_RANGE_LOOP_ANALYSIS = YES;
				CLANG_WARN_STRICT_PROTOTYPES = YES;
				CLANG_WARN_SUSPICIOUS_MOVE = YES;
				CLANG_WARN_UNGUARDED_AVAILABILITY = YES_AGGRESSIVE;
				CLANG_WARN_UNREACHABLE_CODE = YES;
				CLANG_WARN__DUPLICATE_METHOD_MATCH = YES;
				COPY_PHASE_STRIP = NO;
				DEBUG_INFORMATION_FORMAT = "dwarf-with-dsym";
				ENABLE_NS_ASSERTIONS = NO;
				ENABLE_STRICT_OBJC_MSGSEND = YES;
				ENABLE_USER_SCRIPT_SANDBOXING = YES;
				GCC_C_LANGUAGE_STANDARD = gnu17;
				GCC_NO_COMMON_BLOCKS = YES;
				GCC_WARN_64_TO_32_BIT_CONVERSION = YES;
				GCC_WARN_ABOUT_RETURN_TYPE = YES_ERROR;
				GCC_WARN_UNDECLARED_SELECTOR = YES;
				GCC_WARN_UNINITIALIZED_AUTOS = YES_AGGRESSIVE;
				GCC_WARN_UNUSED_FUNCTION = YES;
				GCC_WARN_UNUSED_VARIABLE = YES;
				IPHONEOS_DEPLOYMENT_TARGET = 16.0;
				LOCALIZATION_PREFERS_STRING_CATALOGS = YES;
				MTL_ENABLE_DEBUG_INFO = NO;
				MTL_FAST_MATH = YES;
				SDKROOT = iphoneos;
				SWIFT_COMPILATION_MODE = wholemodule;
				VALIDATE_PRODUCT = YES;
			};
			name = Release;
		};
		8A1234580003 /* Debug */ = {
			isa = XCBuildConfiguration;
			buildSettings = {
				ASSETCATALOG_COMPILER_APPICON_NAME = AppIcon;
				ASSETCATALOG_COMPILER_GLOBAL_ACCENT_COLOR_NAME = AccentColor;
				CODE_SIGN_STYLE = Automatic;
				CURRENT_PROJECT_VERSION = 1;
				DEVELOPMENT_TEAM = BAN93QH596;
				ENABLE_PREVIEWS = YES;
				GENERATE_INFOPLIST_FILE = NO;
				INFOPLIST_FILE = WADriversTest/Info.plist;
				INFOPLIST_KEY_CFBundleDisplayName = "WA Drivers Test";
				INFOPLIST_KEY_ITSAppUsesNonExemptEncryption = NO;
				INFOPLIST_KEY_LSApplicationCategoryType = "public.app-category.education";
				INFOPLIST_KEY_UIApplicationSupportsIndirectInputEvents = YES;
				INFOPLIST_KEY_UIRequiredDeviceCapabilities = armv7;
				INFOPLIST_KEY_UISupportedInterfaceOrientations = UIInterfaceOrientationPortrait;
				INFOPLIST_KEY_UISupportedInterfaceOrientations_iPad = "UIInterfaceOrientationPortrait UIInterfaceOrientationPortraitUpsideDown UIInterfaceOrientationLandscapeLeft UIInterfaceOrientationLandscapeRight";
				LD_RUNPATH_SEARCH_PATHS = (
					"$(inherited)",
					"@executable_path/Frameworks",
				);
				MARKETING_VERSION = 1.1;
				PRODUCT_BUNDLE_IDENTIFIER = com.bluefeatherai.wastatedriverstest;
				PRODUCT_NAME = "$(TARGET_NAME)";
				SUPPORTED_PLATFORMS = "iphoneos iphonesimulator";
				SUPPORTS_MACCATALYST = NO;
				SWIFT_EMIT_LOC_STRINGS = YES;
				SWIFT_VERSION = 5.0;
				TARGETED_DEVICE_FAMILY = "1,2";
			};
			name = Debug;
		};
		8A1234580004 /* Release */ = {
			isa = XCBuildConfiguration;
			buildSettings = {
				ASSETCATALOG_COMPILER_APPICON_NAME = AppIcon;
				ASSETCATALOG_COMPILER_GLOBAL_ACCENT_COLOR_NAME = AccentColor;
				CODE_SIGN_STYLE = Automatic;
				CURRENT_PROJECT_VERSION = 1;
				DEVELOPMENT_TEAM = BAN93QH596;
				ENABLE_PREVIEWS = YES;
				GENERATE_INFOPLIST_FILE = NO;
				INFOPLIST_FILE = WADriversTest/Info.plist;
				INFOPLIST_KEY_CFBundleDisplayName = "WA Drivers Test";
				INFOPLIST_KEY_ITSAppUsesNonExemptEncryption = NO;
				INFOPLIST_KEY_LSApplicationCategoryType = "public.app-category.education";
				INFOPLIST_KEY_UIApplicationSupportsIndirectInputEvents = YES;
				INFOPLIST_KEY_UIRequiredDeviceCapabilities = armv7;
				INFOPLIST_KEY_UISupportedInterfaceOrientations = UIInterfaceOrientationPortrait;
				INFOPLIST_KEY_UISupportedInterfaceOrientations_iPad = "UIInterfaceOrientationPortrait UIInterfaceOrientationPortraitUpsideDown UIInterfaceOrientationLandscapeLeft UIInterfaceOrientationLandscapeRight";
				LD_RUNPATH_SEARCH_PATHS = (
					"$(inherited)",
					"@executable_path/Frameworks",
				);
				MARKETING_VERSION = 1.1;
				PRODUCT_BUNDLE_IDENTIFIER = com.bluefeatherai.wastatedriverstest;
				PRODUCT_NAME = "$(TARGET_NAME)";
				SUPPORTED_PLATFORMS = "iphoneos iphonesimulator";
				SUPPORTS_MACCATALYST = NO;
				SWIFT_EMIT_LOC_STRINGS = YES;
				SWIFT_VERSION = 5.0;
				TARGETED_DEVICE_FAMILY = "1,2";
			};
			name = Release;
		};
/* End XCBuildConfiguration section */

/* Begin XCConfigurationList section */
		8A1234570001 /* Build configuration list for PBXNativeTarget "WADriversTest" */ = {
			isa = XCConfigurationList;
			buildConfigurations = (
				8A1234580003 /* Debug */,
				8A1234580004 /* Release */,
			);
			defaultConfigurationIsVisible = 0;
			defaultConfigurationName = Release;
		};
		8A1234570002 /* Build configuration list for PBXProject "WADriversTest" */ = {
			isa = XCConfigurationList;
			buildConfigurations = (
				8A1234580001 /* Debug */,
				8A1234580002 /* Release */,
			);
			defaultConfigurationIsVisible = 0;
			defaultConfigurationName = Release;
		};
/* End XCConfigurationList section */

/* Begin XCRemoteSwiftPackageReference section */
		8A1234590001 /* XCRemoteSwiftPackageReference "swift-package-manager-google-mobile-ads" */ = {
			isa = XCRemoteSwiftPackageReference;
			repositoryURL = "https://github.com/googleads/swift-package-manager-google-mobile-ads.git";
			requirement = {
				kind = upToNextMajorVersion;
				minimumVersion = 11.0.0;
			};
		};
		8A1234590002 /* XCRemoteSwiftPackageReference "firebase-ios-sdk" */ = {
			isa = XCRemoteSwiftPackageReference;
			repositoryURL = "https://github.com/firebase/firebase-ios-sdk.git";
			requirement = {
				kind = upToNextMajorVersion;
				minimumVersion = 10.0.0;
			};
		};
/* End XCRemoteSwiftPackageReference section */

/* Begin XCSwiftPackageProductDependency section */
		8A1234550015 /* GoogleMobileAds */ = {
			isa = XCSwiftPackageProductDependency;
			package = 8A1234590001 /* XCRemoteSwiftPackageReference "swift-package-manager-google-mobile-ads" */;
			productName = GoogleMobileAds;
		};
		8A1234550018 /* FirebaseAnalytics */ = {
			isa = XCSwiftPackageProductDependency;
			package = 8A1234590002 /* XCRemoteSwiftPackageReference "firebase-ios-sdk" */;
			productName = FirebaseAnalytics;
		};
/* End XCSwiftPackageProductDependency section */
	};
	rootObject = 8A1234510002 /* Project object */;
}
